
Microsoft Visual Studio Solution File, Format Version 12.00
# Visual Studio 15
VisualStudioVersion = 15.0.28306.52
MinimumVisualStudioVersion = 10.0.40219.1
Project("{8BC9CEB8-8B4A-11D0-8D11-00A0C91BC942}") = "NumberToRMB", "NumberToRMB\NumberToRMB.vcxproj", "{A1B16880-B649-4677-A530-BD4A8242F860}"
EndProject
Project("{8BC9CEB8-8B4A-11D0-8D11-00A0C91BC942}") = "Test", "Test\Test.vcxproj", "{9B3F3194-A156-497C-821E-00D766303D37}"
EndProject
Project("{8BC9CEB8-8B4A-11D0-8D11-00A0C91BC942}") = "TestSizeof", "TestSizeof\TestSizeof.vcxproj", "{49E253A7-93D3-45E1-9482-A5A17A6BF4D6}"
EndProject
Project("{8BC9CEB8-8B4A-11D0-8D11-00A0C91BC942}") = "FactorialN", "FactorialN\FactorialN.vcxproj", "{4CF8D0AF-58C9-470F-BA2E-C0FED3A76ABB}"
EndProject
Project("{8BC9CEB8-8B4A-11D0-8D11-00A0C91BC942}") = "Hanoi", "Hanoi\Hanoi.vcxproj", "{A803E541-C841-49D8-BB7E-28028ADA6C6C}"
EndProject
Project("{8BC9CEB8-8B4A-11D0-8D11-00A0C91BC942}") = "mapDataZip", "mapDataZip\mapDataZip.vcxproj", "{062CF416-5593-4187-A4D2-56DFB4D2EC97}"
EndProject
Project("{8BC9CEB8-8B4A-11D0-8D11-00A0C91BC942}") = "MaxSum_NoBothParentAndChild", "MaxSum_NoBothParentAndChild\MaxSum_NoBothParentAndChild.vcxproj", "{226559BB-00FA-4DC3-BA66-370FE5131F24}"
EndProject
Project("{8BC9CEB8-8B4A-11D0-8D11-00A0C91BC942}") = "Test20190604", "Test20190604\Test20190604.vcxproj", "{550B3EEC-B06C-4DAE-B67A-9F29628C4322}"
EndProject
Project("{8BC9CEB8-8B4A-11D0-8D11-00A0C91BC942}") = "Test_for_each", "Test_for_each\Test_for_each.vcxproj", "{7B4F5004-4A7A-47C8-B5F7-821DEDF390E1}"
EndProject
Project("{8BC9CEB8-8B4A-11D0-8D11-00A0C91BC942}") = "Calc24", "Calc24\Calc24.vcxproj", "{DE9CCF59-D0E4-431E-BBF4-7335AD40912C}"
EndProject
Project("{8BC9CEB8-8B4A-11D0-8D11-00A0C91BC942}") = "testvirtual", "testvirtual\testvirtual.vcxproj", "{01F23AD5-1CDC-4F03-9FE6-B94E882E095F}"
EndProject
Project("{8BC9CEB8-8B4A-11D0-8D11-00A0C91BC942}") = "ShoppingList", "ShoppingList\ShoppingList.vcxproj", "{2D761A43-6BB5-4CD4-BD00-48EE4C48938A}"
EndProject
Project("{8BC9CEB8-8B4A-11D0-8D11-00A0C91BC942}") = "EatPeach", "EatPeach\EatPeach.vcxproj", "{3A606D26-9F22-49E9-9B97-2F1172C9210A}"
EndProject
Project("{8BC9CEB8-8B4A-11D0-8D11-00A0C91BC942}") = "test_QueryPerformanceCounter", "test_QueryPerformanceCounter\test_QueryPerformanceCounter.vcxproj", "{2AE45557-C57A-49DA-A85A-8B92FD693ACC}"
EndProject
Project("{8BC9CEB8-8B4A-11D0-8D11-00A0C91BC942}") = "test_BigData_Insert_Sort", "test_BigData_Insert_Sort\test_BigData_Insert_Sort.vcxproj", "{EEE26FD4-CB7D-41EC-9F24-21AFCC6FDB26}"
EndProject
Project("{8BC9CEB8-8B4A-11D0-8D11-00A0C91BC942}") = "test_Functor", "test_Functor\test_Functor.vcxproj", "{81F7D68B-57D2-46D2-98A3-E1A16ADBD946}"
EndProject
Project("{8BC9CEB8-8B4A-11D0-8D11-00A0C91BC942}") = "test_memcpy", "test_memcpy\test_memcpy.vcxproj", "{F91680BF-2ADA-4759-AEF0-73D814EC90CA}"
EndProject
Project("{8BC9CEB8-8B4A-11D0-8D11-00A0C91BC942}") = "ImperialMessengers", "ImperialMessengers\ImperialMessengers.vcxproj", "{3B87A5D2-6160-4F40-BC93-150660E0A9DE}"
EndProject
Project("{8BC9CEB8-8B4A-11D0-8D11-00A0C91BC942}") = "BorrowBook", "BorrowBook\BorrowBook.vcxproj", "{AFC49EAE-4298-427C-AF78-55330525A42B}"
EndProject
Project("{8BC9CEB8-8B4A-11D0-8D11-00A0C91BC942}") = "test_template_fun", "test_template_fun\test_template_fun.vcxproj", "{7A893950-533A-4784-BAC0-10C429576665}"
EndProject
Project("{8BC9CEB8-8B4A-11D0-8D11-00A0C91BC942}") = "test_class_memory", "test_class_memory\test_class_memory.vcxproj", "{EDBA2F4D-629F-4BE7-B328-8872F9726EA0}"
EndProject
Project("{8BC9CEB8-8B4A-11D0-8D11-00A0C91BC942}") = "test_static", "test_static\test_static.vcxproj", "{87683B38-E104-4B71-87DA-AB7D4C07EC9B}"
EndProject
Project("{8BC9CEB8-8B4A-11D0-8D11-00A0C91BC942}") = "test_bitset", "test_bitset\test_bitset.vcxproj", "{B5EC9066-0B8F-4D02-BD85-2001BA44626C}"
EndProject
Project("{8BC9CEB8-8B4A-11D0-8D11-00A0C91BC942}") = "test_operate", "test_operate\test_operate.vcxproj", "{A98BE5C3-8541-4C0C-9BE3-512BBC81659C}"
EndProject
Project("{8BC9CEB8-8B4A-11D0-8D11-00A0C91BC942}") = "test_TreeNode", "test_TreeNode\test_TreeNode.vcxproj", "{F55577A0-9C68-4B89-8D39-E6F2B1156872}"
EndProject
Project("{8BC9CEB8-8B4A-11D0-8D11-00A0C91BC942}") = "test_ListNode", "test_ListNode\test_ListNode.vcxproj", "{1FBC20EA-8DB9-4CF4-8315-6D621BB60A72}"
EndProject
Project("{8BC9CEB8-8B4A-11D0-8D11-00A0C91BC942}") = "NumberToRMB_simple", "NumberToRMB_simple\NumberToRMB_simple.vcxproj", "{49C91687-7EB4-472C-9DFE-6FBEDABF3E8C}"
EndProject
Project("{8BC9CEB8-8B4A-11D0-8D11-00A0C91BC942}") = "test_shared_ptr", "test_shared_ptr\test_shared_ptr.vcxproj", "{7DE44096-05B4-4F14-84F0-3E831B8C328E}"
EndProject
Project("{8BC9CEB8-8B4A-11D0-8D11-00A0C91BC942}") = "test_array_ptr", "test_array_ptr\test_array_ptr.vcxproj", "{BBAFA62B-D8FD-4AEB-88B7-1DAE44050B70}"
EndProject
Project("{8BC9CEB8-8B4A-11D0-8D11-00A0C91BC942}") = "test_stack_overflow", "test_stack_overflow\test_stack_overflow.vcxproj", "{80D048B1-193D-4E0E-A1F9-28542C18D519}"
EndProject
Project("{8BC9CEB8-8B4A-11D0-8D11-00A0C91BC942}") = "test_0x11_shared_ptr", "test_0x11_shared_ptr\test_0x11_shared_ptr.vcxproj", "{DB09D400-F348-4028-B141-A0AEA989A64C}"
EndProject
Project("{8BC9CEB8-8B4A-11D0-8D11-00A0C91BC942}") = "test_0x11_DelegatingConstructors", "test_0x11_DelegatingConstructors\test_0x11_DelegatingConstructors.vcxproj", "{E29DED5C-1C43-46F5-8482-F1A5849D616E}"
EndProject
Project("{8BC9CEB8-8B4A-11D0-8D11-00A0C91BC942}") = "test_20190926", "test_20190926\test_20190926.vcxproj", "{0BD56D69-4F2D-4FCB-9E47-2156ACCE52BC}"
EndProject
Project("{8BC9CEB8-8B4A-11D0-8D11-00A0C91BC942}") = "test_allocator", "test_allocator\test_allocator.vcxproj", "{961EAEC6-C7E7-43B6-B57F-62FE83C64281}"
EndProject
Project("{8BC9CEB8-8B4A-11D0-8D11-00A0C91BC942}") = "test_get_Parameter_Type", "test_get_Parameter_Type\test_get_Parameter_Type.vcxproj", "{548D5610-5E00-41F6-82C8-C51E932DFBD6}"
EndProject
Project("{8BC9CEB8-8B4A-11D0-8D11-00A0C91BC942}") = "test_get_Parameter_Type_2", "test_get_Parameter_Type_2\test_get_Parameter_Type_2.vcxproj", "{A7719235-7249-482D-9611-744BFD087FAB}"
EndProject
Project("{8BC9CEB8-8B4A-11D0-8D11-00A0C91BC942}") = "test_stringstream", "test_stringstream\test_stringstream.vcxproj", "{35A54E1F-6E46-44CB-B9C1-E9664B9B64D3}"
EndProject
Global
	GlobalSection(SolutionConfigurationPlatforms) = preSolution
		Debug|Any CPU = Debug|Any CPU
		Debug|x64 = Debug|x64
		Debug|x86 = Debug|x86
		Release|Any CPU = Release|Any CPU
		Release|x64 = Release|x64
		Release|x86 = Release|x86
	EndGlobalSection
	GlobalSection(ProjectConfigurationPlatforms) = postSolution
		{A1B16880-B649-4677-A530-BD4A8242F860}.Debug|Any CPU.ActiveCfg = Debug|Win32
		{A1B16880-B649-4677-A530-BD4A8242F860}.Debug|x64.ActiveCfg = Debug|x64
		{A1B16880-B649-4677-A530-BD4A8242F860}.Debug|x64.Build.0 = Debug|x64
		{A1B16880-B649-4677-A530-BD4A8242F860}.Debug|x86.ActiveCfg = Debug|Win32
		{A1B16880-B649-4677-A530-BD4A8242F860}.Debug|x86.Build.0 = Debug|Win32
		{A1B16880-B649-4677-A530-BD4A8242F860}.Release|Any CPU.ActiveCfg = Release|Win32
		{A1B16880-B649-4677-A530-BD4A8242F860}.Release|x64.ActiveCfg = Release|x64
		{A1B16880-B649-4677-A530-BD4A8242F860}.Release|x64.Build.0 = Release|x64
		{A1B16880-B649-4677-A530-BD4A8242F860}.Release|x86.ActiveCfg = Release|Win32
		{A1B16880-B649-4677-A530-BD4A8242F860}.Release|x86.Build.0 = Release|Win32
		{9B3F3194-A156-497C-821E-00D766303D37}.Debug|Any CPU.ActiveCfg = Debug|Win32
		{9B3F3194-A156-497C-821E-00D766303D37}.Debug|x64.ActiveCfg = Debug|x64
		{9B3F3194-A156-497C-821E-00D766303D37}.Debug|x64.Build.0 = Debug|x64
		{9B3F3194-A156-497C-821E-00D766303D37}.Debug|x86.ActiveCfg = Debug|Win32
		{9B3F3194-A156-497C-821E-00D766303D37}.Debug|x86.Build.0 = Debug|Win32
		{9B3F3194-A156-497C-821E-00D766303D37}.Release|Any CPU.ActiveCfg = Release|Win32
		{9B3F3194-A156-497C-821E-00D766303D37}.Release|x64.ActiveCfg = Release|x64
		{9B3F3194-A156-497C-821E-00D766303D37}.Release|x64.Build.0 = Release|x64
		{9B3F3194-A156-497C-821E-00D766303D37}.Release|x86.ActiveCfg = Release|Win32
		{9B3F3194-A156-497C-821E-00D766303D37}.Release|x86.Build.0 = Release|Win32
		{49E253A7-93D3-45E1-9482-A5A17A6BF4D6}.Debug|Any CPU.ActiveCfg = Debug|Win32
		{49E253A7-93D3-45E1-9482-A5A17A6BF4D6}.Debug|x64.ActiveCfg = Debug|x64
		{49E253A7-93D3-45E1-9482-A5A17A6BF4D6}.Debug|x64.Build.0 = Debug|x64
		{49E253A7-93D3-45E1-9482-A5A17A6BF4D6}.Debug|x86.ActiveCfg = Debug|Win32
		{49E253A7-93D3-45E1-9482-A5A17A6BF4D6}.Debug|x86.Build.0 = Debug|Win32
		{49E253A7-93D3-45E1-9482-A5A17A6BF4D6}.Release|Any CPU.ActiveCfg = Release|Win32
		{49E253A7-93D3-45E1-9482-A5A17A6BF4D6}.Release|x64.ActiveCfg = Release|x64
		{49E253A7-93D3-45E1-9482-A5A17A6BF4D6}.Release|x64.Build.0 = Release|x64
		{49E253A7-93D3-45E1-9482-A5A17A6BF4D6}.Release|x86.ActiveCfg = Release|Win32
		{49E253A7-93D3-45E1-9482-A5A17A6BF4D6}.Release|x86.Build.0 = Release|Win32
		{4CF8D0AF-58C9-470F-BA2E-C0FED3A76ABB}.Debug|Any CPU.ActiveCfg = Debug|Win32
		{4CF8D0AF-58C9-470F-BA2E-C0FED3A76ABB}.Debug|x64.ActiveCfg = Debug|x64
		{4CF8D0AF-58C9-470F-BA2E-C0FED3A76ABB}.Debug|x64.Build.0 = Debug|x64
		{4CF8D0AF-58C9-470F-BA2E-C0FED3A76ABB}.Debug|x86.ActiveCfg = Debug|Win32
		{4CF8D0AF-58C9-470F-BA2E-C0FED3A76ABB}.Debug|x86.Build.0 = Debug|Win32
		{4CF8D0AF-58C9-470F-BA2E-C0FED3A76ABB}.Release|Any CPU.ActiveCfg = Release|Win32
		{4CF8D0AF-58C9-470F-BA2E-C0FED3A76ABB}.Release|x64.ActiveCfg = Release|x64
		{4CF8D0AF-58C9-470F-BA2E-C0FED3A76ABB}.Release|x64.Build.0 = Release|x64
		{4CF8D0AF-58C9-470F-BA2E-C0FED3A76ABB}.Release|x86.ActiveCfg = Release|Win32
		{4CF8D0AF-58C9-470F-BA2E-C0FED3A76ABB}.Release|x86.Build.0 = Release|Win32
		{A803E541-C841-49D8-BB7E-28028ADA6C6C}.Debug|Any CPU.ActiveCfg = Debug|Win32
		{A803E541-C841-49D8-BB7E-28028ADA6C6C}.Debug|x64.ActiveCfg = Debug|x64
		{A803E541-C841-49D8-BB7E-28028ADA6C6C}.Debug|x64.Build.0 = Debug|x64
		{A803E541-C841-49D8-BB7E-28028ADA6C6C}.Debug|x86.ActiveCfg = Debug|Win32
		{A803E541-C841-49D8-BB7E-28028ADA6C6C}.Debug|x86.Build.0 = Debug|Win32
		{A803E541-C841-49D8-BB7E-28028ADA6C6C}.Release|Any CPU.ActiveCfg = Release|Win32
		{A803E541-C841-49D8-BB7E-28028ADA6C6C}.Release|x64.ActiveCfg = Release|x64
		{A803E541-C841-49D8-BB7E-28028ADA6C6C}.Release|x64.Build.0 = Release|x64
		{A803E541-C841-49D8-BB7E-28028ADA6C6C}.Release|x86.ActiveCfg = Release|Win32
		{A803E541-C841-49D8-BB7E-28028ADA6C6C}.Release|x86.Build.0 = Release|Win32
		{062CF416-5593-4187-A4D2-56DFB4D2EC97}.Debug|Any CPU.ActiveCfg = Debug|Win32
		{062CF416-5593-4187-A4D2-56DFB4D2EC97}.Debug|x64.ActiveCfg = Debug|x64
		{062CF416-5593-4187-A4D2-56DFB4D2EC97}.Debug|x64.Build.0 = Debug|x64
		{062CF416-5593-4187-A4D2-56DFB4D2EC97}.Debug|x86.ActiveCfg = Debug|Win32
		{062CF416-5593-4187-A4D2-56DFB4D2EC97}.Debug|x86.Build.0 = Debug|Win32
		{062CF416-5593-4187-A4D2-56DFB4D2EC97}.Release|Any CPU.ActiveCfg = Release|Win32
		{062CF416-5593-4187-A4D2-56DFB4D2EC97}.Release|x64.ActiveCfg = Release|x64
		{062CF416-5593-4187-A4D2-56DFB4D2EC97}.Release|x64.Build.0 = Release|x64
		{062CF416-5593-4187-A4D2-56DFB4D2EC97}.Release|x86.ActiveCfg = Release|Win32
		{062CF416-5593-4187-A4D2-56DFB4D2EC97}.Release|x86.Build.0 = Release|Win32
		{226559BB-00FA-4DC3-BA66-370FE5131F24}.Debug|Any CPU.ActiveCfg = Debug|Win32
		{226559BB-00FA-4DC3-BA66-370FE5131F24}.Debug|x64.ActiveCfg = Debug|x64
		{226559BB-00FA-4DC3-BA66-370FE5131F24}.Debug|x64.Build.0 = Debug|x64
		{226559BB-00FA-4DC3-BA66-370FE5131F24}.Debug|x86.ActiveCfg = Debug|Win32
		{226559BB-00FA-4DC3-BA66-370FE5131F24}.Debug|x86.Build.0 = Debug|Win32
		{226559BB-00FA-4DC3-BA66-370FE5131F24}.Release|Any CPU.ActiveCfg = Release|Win32
		{226559BB-00FA-4DC3-BA66-370FE5131F24}.Release|x64.ActiveCfg = Release|x64
		{226559BB-00FA-4DC3-BA66-370FE5131F24}.Release|x64.Build.0 = Release|x64
		{226559BB-00FA-4DC3-BA66-370FE5131F24}.Release|x86.ActiveCfg = Release|Win32
		{226559BB-00FA-4DC3-BA66-370FE5131F24}.Release|x86.Build.0 = Release|Win32
		{550B3EEC-B06C-4DAE-B67A-9F29628C4322}.Debug|Any CPU.ActiveCfg = Debug|Win32
		{550B3EEC-B06C-4DAE-B67A-9F29628C4322}.Debug|x64.ActiveCfg = Debug|x64
		{550B3EEC-B06C-4DAE-B67A-9F29628C4322}.Debug|x64.Build.0 = Debug|x64
		{550B3EEC-B06C-4DAE-B67A-9F29628C4322}.Debug|x86.ActiveCfg = Debug|Win32
		{550B3EEC-B06C-4DAE-B67A-9F29628C4322}.Debug|x86.Build.0 = Debug|Win32
		{550B3EEC-B06C-4DAE-B67A-9F29628C4322}.Release|Any CPU.ActiveCfg = Release|Win32
		{550B3EEC-B06C-4DAE-B67A-9F29628C4322}.Release|x64.ActiveCfg = Release|x64
		{550B3EEC-B06C-4DAE-B67A-9F29628C4322}.Release|x64.Build.0 = Release|x64
		{550B3EEC-B06C-4DAE-B67A-9F29628C4322}.Release|x86.ActiveCfg = Release|Win32
		{550B3EEC-B06C-4DAE-B67A-9F29628C4322}.Release|x86.Build.0 = Release|Win32
		{7B4F5004-4A7A-47C8-B5F7-821DEDF390E1}.Debug|Any CPU.ActiveCfg = Debug|Win32
		{7B4F5004-4A7A-47C8-B5F7-821DEDF390E1}.Debug|x64.ActiveCfg = Debug|x64
		{7B4F5004-4A7A-47C8-B5F7-821DEDF390E1}.Debug|x64.Build.0 = Debug|x64
		{7B4F5004-4A7A-47C8-B5F7-821DEDF390E1}.Debug|x86.ActiveCfg = Debug|Win32
		{7B4F5004-4A7A-47C8-B5F7-821DEDF390E1}.Debug|x86.Build.0 = Debug|Win32
		{7B4F5004-4A7A-47C8-B5F7-821DEDF390E1}.Release|Any CPU.ActiveCfg = Release|Win32
		{7B4F5004-4A7A-47C8-B5F7-821DEDF390E1}.Release|x64.ActiveCfg = Release|x64
		{7B4F5004-4A7A-47C8-B5F7-821DEDF390E1}.Release|x64.Build.0 = Release|x64
		{7B4F5004-4A7A-47C8-B5F7-821DEDF390E1}.Release|x86.ActiveCfg = Release|Win32
		{7B4F5004-4A7A-47C8-B5F7-821DEDF390E1}.Release|x86.Build.0 = Release|Win32
		{DE9CCF59-D0E4-431E-BBF4-7335AD40912C}.Debug|Any CPU.ActiveCfg = Debug|Win32
		{DE9CCF59-D0E4-431E-BBF4-7335AD40912C}.Debug|x64.ActiveCfg = Debug|x64
		{DE9CCF59-D0E4-431E-BBF4-7335AD40912C}.Debug|x64.Build.0 = Debug|x64
		{DE9CCF59-D0E4-431E-BBF4-7335AD40912C}.Debug|x86.ActiveCfg = Debug|Win32
		{DE9CCF59-D0E4-431E-BBF4-7335AD40912C}.Debug|x86.Build.0 = Debug|Win32
		{DE9CCF59-D0E4-431E-BBF4-7335AD40912C}.Release|Any CPU.ActiveCfg = Release|Win32
		{DE9CCF59-D0E4-431E-BBF4-7335AD40912C}.Release|x64.ActiveCfg = Release|x64
		{DE9CCF59-D0E4-431E-BBF4-7335AD40912C}.Release|x64.Build.0 = Release|x64
		{DE9CCF59-D0E4-431E-BBF4-7335AD40912C}.Release|x86.ActiveCfg = Release|Win32
		{DE9CCF59-D0E4-431E-BBF4-7335AD40912C}.Release|x86.Build.0 = Release|Win32
		{01F23AD5-1CDC-4F03-9FE6-B94E882E095F}.Debug|Any CPU.ActiveCfg = Debug|Win32
		{01F23AD5-1CDC-4F03-9FE6-B94E882E095F}.Debug|x64.ActiveCfg = Debug|x64
		{01F23AD5-1CDC-4F03-9FE6-B94E882E095F}.Debug|x64.Build.0 = Debug|x64
		{01F23AD5-1CDC-4F03-9FE6-B94E882E095F}.Debug|x86.ActiveCfg = Debug|Win32
		{01F23AD5-1CDC-4F03-9FE6-B94E882E095F}.Debug|x86.Build.0 = Debug|Win32
		{01F23AD5-1CDC-4F03-9FE6-B94E882E095F}.Release|Any CPU.ActiveCfg = Release|Win32
		{01F23AD5-1CDC-4F03-9FE6-B94E882E095F}.Release|x64.ActiveCfg = Release|x64
		{01F23AD5-1CDC-4F03-9FE6-B94E882E095F}.Release|x64.Build.0 = Release|x64
		{01F23AD5-1CDC-4F03-9FE6-B94E882E095F}.Release|x86.ActiveCfg = Release|Win32
		{01F23AD5-1CDC-4F03-9FE6-B94E882E095F}.Release|x86.Build.0 = Release|Win32
		{2D761A43-6BB5-4CD4-BD00-48EE4C48938A}.Debug|Any CPU.ActiveCfg = Debug|Win32
		{2D761A43-6BB5-4CD4-BD00-48EE4C48938A}.Debug|x64.ActiveCfg = Debug|x64
		{2D761A43-6BB5-4CD4-BD00-48EE4C48938A}.Debug|x64.Build.0 = Debug|x64
		{2D761A43-6BB5-4CD4-BD00-48EE4C48938A}.Debug|x86.ActiveCfg = Debug|Win32
		{2D761A43-6BB5-4CD4-BD00-48EE4C48938A}.Debug|x86.Build.0 = Debug|Win32
		{2D761A43-6BB5-4CD4-BD00-48EE4C48938A}.Release|Any CPU.ActiveCfg = Release|Win32
		{2D761A43-6BB5-4CD4-BD00-48EE4C48938A}.Release|x64.ActiveCfg = Release|x64
		{2D761A43-6BB5-4CD4-BD00-48EE4C48938A}.Release|x64.Build.0 = Release|x64
		{2D761A43-6BB5-4CD4-BD00-48EE4C48938A}.Release|x86.ActiveCfg = Release|Win32
		{2D761A43-6BB5-4CD4-BD00-48EE4C48938A}.Release|x86.Build.0 = Release|Win32
		{3A606D26-9F22-49E9-9B97-2F1172C9210A}.Debug|Any CPU.ActiveCfg = Debug|Win32
		{3A606D26-9F22-49E9-9B97-2F1172C9210A}.Debug|x64.ActiveCfg = Debug|x64
		{3A606D26-9F22-49E9-9B97-2F1172C9210A}.Debug|x64.Build.0 = Debug|x64
		{3A606D26-9F22-49E9-9B97-2F1172C9210A}.Debug|x86.ActiveCfg = Debug|Win32
		{3A606D26-9F22-49E9-9B97-2F1172C9210A}.Debug|x86.Build.0 = Debug|Win32
		{3A606D26-9F22-49E9-9B97-2F1172C9210A}.Release|Any CPU.ActiveCfg = Release|Win32
		{3A606D26-9F22-49E9-9B97-2F1172C9210A}.Release|x64.ActiveCfg = Release|x64
		{3A606D26-9F22-49E9-9B97-2F1172C9210A}.Release|x64.Build.0 = Release|x64
		{3A606D26-9F22-49E9-9B97-2F1172C9210A}.Release|x86.ActiveCfg = Release|Win32
		{3A606D26-9F22-49E9-9B97-2F1172C9210A}.Release|x86.Build.0 = Release|Win32
		{2AE45557-C57A-49DA-A85A-8B92FD693ACC}.Debug|Any CPU.ActiveCfg = Debug|Win32
		{2AE45557-C57A-49DA-A85A-8B92FD693ACC}.Debug|x64.ActiveCfg = Debug|x64
		{2AE45557-C57A-49DA-A85A-8B92FD693ACC}.Debug|x64.Build.0 = Debug|x64
		{2AE45557-C57A-49DA-A85A-8B92FD693ACC}.Debug|x86.ActiveCfg = Debug|Win32
		{2AE45557-C57A-49DA-A85A-8B92FD693ACC}.Debug|x86.Build.0 = Debug|Win32
		{2AE45557-C57A-49DA-A85A-8B92FD693ACC}.Release|Any CPU.ActiveCfg = Release|Win32
		{2AE45557-C57A-49DA-A85A-8B92FD693ACC}.Release|x64.ActiveCfg = Release|x64
		{2AE45557-C57A-49DA-A85A-8B92FD693ACC}.Release|x64.Build.0 = Release|x64
		{2AE45557-C57A-49DA-A85A-8B92FD693ACC}.Release|x86.ActiveCfg = Release|Win32
		{2AE45557-C57A-49DA-A85A-8B92FD693ACC}.Release|x86.Build.0 = Release|Win32
		{EEE26FD4-CB7D-41EC-9F24-21AFCC6FDB26}.Debug|Any CPU.ActiveCfg = Debug|Win32
		{EEE26FD4-CB7D-41EC-9F24-21AFCC6FDB26}.Debug|x64.ActiveCfg = Debug|x64
		{EEE26FD4-CB7D-41EC-9F24-21AFCC6FDB26}.Debug|x64.Build.0 = Debug|x64
		{EEE26FD4-CB7D-41EC-9F24-21AFCC6FDB26}.Debug|x86.ActiveCfg = Debug|Win32
		{EEE26FD4-CB7D-41EC-9F24-21AFCC6FDB26}.Debug|x86.Build.0 = Debug|Win32
		{EEE26FD4-CB7D-41EC-9F24-21AFCC6FDB26}.Release|Any CPU.ActiveCfg = Release|Win32
		{EEE26FD4-CB7D-41EC-9F24-21AFCC6FDB26}.Release|x64.ActiveCfg = Release|x64
		{EEE26FD4-CB7D-41EC-9F24-21AFCC6FDB26}.Release|x64.Build.0 = Release|x64
		{EEE26FD4-CB7D-41EC-9F24-21AFCC6FDB26}.Release|x86.ActiveCfg = Release|Win32
		{EEE26FD4-CB7D-41EC-9F24-21AFCC6FDB26}.Release|x86.Build.0 = Release|Win32
		{81F7D68B-57D2-46D2-98A3-E1A16ADBD946}.Debug|Any CPU.ActiveCfg = Debug|Win32
		{81F7D68B-57D2-46D2-98A3-E1A16ADBD946}.Debug|x64.ActiveCfg = Debug|x64
		{81F7D68B-57D2-46D2-98A3-E1A16ADBD946}.Debug|x64.Build.0 = Debug|x64
		{81F7D68B-57D2-46D2-98A3-E1A16ADBD946}.Debug|x86.ActiveCfg = Debug|Win32
		{81F7D68B-57D2-46D2-98A3-E1A16ADBD946}.Debug|x86.Build.0 = Debug|Win32
		{81F7D68B-57D2-46D2-98A3-E1A16ADBD946}.Release|Any CPU.ActiveCfg = Release|Win32
		{81F7D68B-57D2-46D2-98A3-E1A16ADBD946}.Release|x64.ActiveCfg = Release|x64
		{81F7D68B-57D2-46D2-98A3-E1A16ADBD946}.Release|x64.Build.0 = Release|x64
		{81F7D68B-57D2-46D2-98A3-E1A16ADBD946}.Release|x86.ActiveCfg = Release|Win32
		{81F7D68B-57D2-46D2-98A3-E1A16ADBD946}.Release|x86.Build.0 = Release|Win32
		{F91680BF-2ADA-4759-AEF0-73D814EC90CA}.Debug|Any CPU.ActiveCfg = Debug|Win32
		{F91680BF-2ADA-4759-AEF0-73D814EC90CA}.Debug|x64.ActiveCfg = Debug|x64
		{F91680BF-2ADA-4759-AEF0-73D814EC90CA}.Debug|x64.Build.0 = Debug|x64
		{F91680BF-2ADA-4759-AEF0-73D814EC90CA}.Debug|x86.ActiveCfg = Debug|Win32
		{F91680BF-2ADA-4759-AEF0-73D814EC90CA}.Debug|x86.Build.0 = Debug|Win32
		{F91680BF-2ADA-4759-AEF0-73D814EC90CA}.Release|Any CPU.ActiveCfg = Release|Win32
		{F91680BF-2ADA-4759-AEF0-73D814EC90CA}.Release|x64.ActiveCfg = Release|x64
		{F91680BF-2ADA-4759-AEF0-73D814EC90CA}.Release|x64.Build.0 = Release|x64
		{F91680BF-2ADA-4759-AEF0-73D814EC90CA}.Release|x86.ActiveCfg = Release|Win32
		{F91680BF-2ADA-4759-AEF0-73D814EC90CA}.Release|x86.Build.0 = Release|Win32
		{3B87A5D2-6160-4F40-BC93-150660E0A9DE}.Debug|Any CPU.ActiveCfg = Debug|Win32
		{3B87A5D2-6160-4F40-BC93-150660E0A9DE}.Debug|x64.ActiveCfg = Debug|x64
		{3B87A5D2-6160-4F40-BC93-150660E0A9DE}.Debug|x64.Build.0 = Debug|x64
		{3B87A5D2-6160-4F40-BC93-150660E0A9DE}.Debug|x86.ActiveCfg = Debug|Win32
		{3B87A5D2-6160-4F40-BC93-150660E0A9DE}.Debug|x86.Build.0 = Debug|Win32
		{3B87A5D2-6160-4F40-BC93-150660E0A9DE}.Release|Any CPU.ActiveCfg = Release|Win32
		{3B87A5D2-6160-4F40-BC93-150660E0A9DE}.Release|x64.ActiveCfg = Release|x64
		{3B87A5D2-6160-4F40-BC93-150660E0A9DE}.Release|x64.Build.0 = Release|x64
		{3B87A5D2-6160-4F40-BC93-150660E0A9DE}.Release|x86.ActiveCfg = Release|Win32
		{3B87A5D2-6160-4F40-BC93-150660E0A9DE}.Release|x86.Build.0 = Release|Win32
		{AFC49EAE-4298-427C-AF78-55330525A42B}.Debug|Any CPU.ActiveCfg = Debug|Win32
		{AFC49EAE-4298-427C-AF78-55330525A42B}.Debug|x64.ActiveCfg = Debug|x64
		{AFC49EAE-4298-427C-AF78-55330525A42B}.Debug|x64.Build.0 = Debug|x64
		{AFC49EAE-4298-427C-AF78-55330525A42B}.Debug|x86.ActiveCfg = Debug|Win32
		{AFC49EAE-4298-427C-AF78-55330525A42B}.Debug|x86.Build.0 = Debug|Win32
		{AFC49EAE-4298-427C-AF78-55330525A42B}.Release|Any CPU.ActiveCfg = Release|Win32
		{AFC49EAE-4298-427C-AF78-55330525A42B}.Release|x64.ActiveCfg = Release|x64
		{AFC49EAE-4298-427C-AF78-55330525A42B}.Release|x64.Build.0 = Release|x64
		{AFC49EAE-4298-427C-AF78-55330525A42B}.Release|x86.ActiveCfg = Release|Win32
		{AFC49EAE-4298-427C-AF78-55330525A42B}.Release|x86.Build.0 = Release|Win32
		{7A893950-533A-4784-BAC0-10C429576665}.Debug|Any CPU.ActiveCfg = Debug|Win32
		{7A893950-533A-4784-BAC0-10C429576665}.Debug|x64.ActiveCfg = Debug|x64
		{7A893950-533A-4784-BAC0-10C429576665}.Debug|x64.Build.0 = Debug|x64
		{7A893950-533A-4784-BAC0-10C429576665}.Debug|x86.ActiveCfg = Debug|Win32
		{7A893950-533A-4784-BAC0-10C429576665}.Debug|x86.Build.0 = Debug|Win32
		{7A893950-533A-4784-BAC0-10C429576665}.Release|Any CPU.ActiveCfg = Release|Win32
		{7A893950-533A-4784-BAC0-10C429576665}.Release|x64.ActiveCfg = Release|x64
		{7A893950-533A-4784-BAC0-10C429576665}.Release|x64.Build.0 = Release|x64
		{7A893950-533A-4784-BAC0-10C429576665}.Release|x86.ActiveCfg = Release|Win32
		{7A893950-533A-4784-BAC0-10C429576665}.Release|x86.Build.0 = Release|Win32
		{EDBA2F4D-629F-4BE7-B328-8872F9726EA0}.Debug|Any CPU.ActiveCfg = Debug|Win32
		{EDBA2F4D-629F-4BE7-B328-8872F9726EA0}.Debug|x64.ActiveCfg = Debug|x64
		{EDBA2F4D-629F-4BE7-B328-8872F9726EA0}.Debug|x64.Build.0 = Debug|x64
		{EDBA2F4D-629F-4BE7-B328-8872F9726EA0}.Debug|x86.ActiveCfg = Debug|Win32
		{EDBA2F4D-629F-4BE7-B328-8872F9726EA0}.Debug|x86.Build.0 = Debug|Win32
		{EDBA2F4D-629F-4BE7-B328-8872F9726EA0}.Release|Any CPU.ActiveCfg = Release|Win32
		{EDBA2F4D-629F-4BE7-B328-8872F9726EA0}.Release|x64.ActiveCfg = Release|x64
		{EDBA2F4D-629F-4BE7-B328-8872F9726EA0}.Release|x64.Build.0 = Release|x64
		{EDBA2F4D-629F-4BE7-B328-8872F9726EA0}.Release|x86.ActiveCfg = Release|Win32
		{EDBA2F4D-629F-4BE7-B328-8872F9726EA0}.Release|x86.Build.0 = Release|Win32
		{87683B38-E104-4B71-87DA-AB7D4C07EC9B}.Debug|Any CPU.ActiveCfg = Debug|Win32
		{87683B38-E104-4B71-87DA-AB7D4C07EC9B}.Debug|x64.ActiveCfg = Debug|x64
		{87683B38-E104-4B71-87DA-AB7D4C07EC9B}.Debug|x64.Build.0 = Debug|x64
		{87683B38-E104-4B71-87DA-AB7D4C07EC9B}.Debug|x86.ActiveCfg = Debug|Win32
		{87683B38-E104-4B71-87DA-AB7D4C07EC9B}.Debug|x86.Build.0 = Debug|Win32
		{87683B38-E104-4B71-87DA-AB7D4C07EC9B}.Release|Any CPU.ActiveCfg = Release|Win32
		{87683B38-E104-4B71-87DA-AB7D4C07EC9B}.Release|x64.ActiveCfg = Release|x64
		{87683B38-E104-4B71-87DA-AB7D4C07EC9B}.Release|x64.Build.0 = Release|x64
		{87683B38-E104-4B71-87DA-AB7D4C07EC9B}.Release|x86.ActiveCfg = Release|Win32
		{87683B38-E104-4B71-87DA-AB7D4C07EC9B}.Release|x86.Build.0 = Release|Win32
		{B5EC9066-0B8F-4D02-BD85-2001BA44626C}.Debug|Any CPU.ActiveCfg = Debug|Win32
		{B5EC9066-0B8F-4D02-BD85-2001BA44626C}.Debug|x64.ActiveCfg = Debug|x64
		{B5EC9066-0B8F-4D02-BD85-2001BA44626C}.Debug|x64.Build.0 = Debug|x64
		{B5EC9066-0B8F-4D02-BD85-2001BA44626C}.Debug|x86.ActiveCfg = Debug|Win32
		{B5EC9066-0B8F-4D02-BD85-2001BA44626C}.Debug|x86.Build.0 = Debug|Win32
		{B5EC9066-0B8F-4D02-BD85-2001BA44626C}.Release|Any CPU.ActiveCfg = Release|Win32
		{B5EC9066-0B8F-4D02-BD85-2001BA44626C}.Release|x64.ActiveCfg = Release|x64
		{B5EC9066-0B8F-4D02-BD85-2001BA44626C}.Release|x64.Build.0 = Release|x64
		{B5EC9066-0B8F-4D02-BD85-2001BA44626C}.Release|x86.ActiveCfg = Release|Win32
		{B5EC9066-0B8F-4D02-BD85-2001BA44626C}.Release|x86.Build.0 = Release|Win32
		{A98BE5C3-8541-4C0C-9BE3-512BBC81659C}.Debug|Any CPU.ActiveCfg = Debug|Win32
		{A98BE5C3-8541-4C0C-9BE3-512BBC81659C}.Debug|x64.ActiveCfg = Debug|x64
		{A98BE5C3-8541-4C0C-9BE3-512BBC81659C}.Debug|x64.Build.0 = Debug|x64
		{A98BE5C3-8541-4C0C-9BE3-512BBC81659C}.Debug|x86.ActiveCfg = Debug|Win32
		{A98BE5C3-8541-4C0C-9BE3-512BBC81659C}.Debug|x86.Build.0 = Debug|Win32
		{A98BE5C3-8541-4C0C-9BE3-512BBC81659C}.Release|Any CPU.ActiveCfg = Release|Win32
		{A98BE5C3-8541-4C0C-9BE3-512BBC81659C}.Release|x64.ActiveCfg = Release|x64
		{A98BE5C3-8541-4C0C-9BE3-512BBC81659C}.Release|x64.Build.0 = Release|x64
		{A98BE5C3-8541-4C0C-9BE3-512BBC81659C}.Release|x86.ActiveCfg = Release|Win32
		{A98BE5C3-8541-4C0C-9BE3-512BBC81659C}.Release|x86.Build.0 = Release|Win32
		{F55577A0-9C68-4B89-8D39-E6F2B1156872}.Debug|Any CPU.ActiveCfg = Debug|Win32
		{F55577A0-9C68-4B89-8D39-E6F2B1156872}.Debug|x64.ActiveCfg = Debug|x64
		{F55577A0-9C68-4B89-8D39-E6F2B1156872}.Debug|x64.Build.0 = Debug|x64
		{F55577A0-9C68-4B89-8D39-E6F2B1156872}.Debug|x86.ActiveCfg = Debug|Win32
		{F55577A0-9C68-4B89-8D39-E6F2B1156872}.Debug|x86.Build.0 = Debug|Win32
		{F55577A0-9C68-4B89-8D39-E6F2B1156872}.Release|Any CPU.ActiveCfg = Release|Win32
		{F55577A0-9C68-4B89-8D39-E6F2B1156872}.Release|x64.ActiveCfg = Release|x64
		{F55577A0-9C68-4B89-8D39-E6F2B1156872}.Release|x64.Build.0 = Release|x64
		{F55577A0-9C68-4B89-8D39-E6F2B1156872}.Release|x86.ActiveCfg = Release|Win32
		{F55577A0-9C68-4B89-8D39-E6F2B1156872}.Release|x86.Build.0 = Release|Win32
		{1FBC20EA-8DB9-4CF4-8315-6D621BB60A72}.Debug|Any CPU.ActiveCfg = Debug|Win32
		{1FBC20EA-8DB9-4CF4-8315-6D621BB60A72}.Debug|x64.ActiveCfg = Debug|x64
		{1FBC20EA-8DB9-4CF4-8315-6D621BB60A72}.Debug|x64.Build.0 = Debug|x64
		{1FBC20EA-8DB9-4CF4-8315-6D621BB60A72}.Debug|x86.ActiveCfg = Debug|Win32
		{1FBC20EA-8DB9-4CF4-8315-6D621BB60A72}.Debug|x86.Build.0 = Debug|Win32
		{1FBC20EA-8DB9-4CF4-8315-6D621BB60A72}.Release|Any CPU.ActiveCfg = Release|Win32
		{1FBC20EA-8DB9-4CF4-8315-6D621BB60A72}.Release|x64.ActiveCfg = Release|x64
		{1FBC20EA-8DB9-4CF4-8315-6D621BB60A72}.Release|x64.Build.0 = Release|x64
		{1FBC20EA-8DB9-4CF4-8315-6D621BB60A72}.Release|x86.ActiveCfg = Release|Win32
		{1FBC20EA-8DB9-4CF4-8315-6D621BB60A72}.Release|x86.Build.0 = Release|Win32
		{49C91687-7EB4-472C-9DFE-6FBEDABF3E8C}.Debug|Any CPU.ActiveCfg = Debug|Win32
		{49C91687-7EB4-472C-9DFE-6FBEDABF3E8C}.Debug|x64.ActiveCfg = Debug|x64
		{49C91687-7EB4-472C-9DFE-6FBEDABF3E8C}.Debug|x64.Build.0 = Debug|x64
		{49C91687-7EB4-472C-9DFE-6FBEDABF3E8C}.Debug|x86.ActiveCfg = Debug|Win32
		{49C91687-7EB4-472C-9DFE-6FBEDABF3E8C}.Debug|x86.Build.0 = Debug|Win32
		{49C91687-7EB4-472C-9DFE-6FBEDABF3E8C}.Release|Any CPU.ActiveCfg = Release|Win32
		{49C91687-7EB4-472C-9DFE-6FBEDABF3E8C}.Release|x64.ActiveCfg = Release|x64
		{49C91687-7EB4-472C-9DFE-6FBEDABF3E8C}.Release|x64.Build.0 = Release|x64
		{49C91687-7EB4-472C-9DFE-6FBEDABF3E8C}.Release|x86.ActiveCfg = Release|Win32
		{49C91687-7EB4-472C-9DFE-6FBEDABF3E8C}.Release|x86.Build.0 = Release|Win32
		{7DE44096-05B4-4F14-84F0-3E831B8C328E}.Debug|Any CPU.ActiveCfg = Debug|Win32
		{7DE44096-05B4-4F14-84F0-3E831B8C328E}.Debug|x64.ActiveCfg = Debug|x64
		{7DE44096-05B4-4F14-84F0-3E831B8C328E}.Debug|x64.Build.0 = Debug|x64
		{7DE44096-05B4-4F14-84F0-3E831B8C328E}.Debug|x86.ActiveCfg = Debug|Win32
		{7DE44096-05B4-4F14-84F0-3E831B8C328E}.Debug|x86.Build.0 = Debug|Win32
		{7DE44096-05B4-4F14-84F0-3E831B8C328E}.Release|Any CPU.ActiveCfg = Release|Win32
		{7DE44096-05B4-4F14-84F0-3E831B8C328E}.Release|x64.ActiveCfg = Release|x64
		{7DE44096-05B4-4F14-84F0-3E831B8C328E}.Release|x64.Build.0 = Release|x64
		{7DE44096-05B4-4F14-84F0-3E831B8C328E}.Release|x86.ActiveCfg = Release|Win32
		{7DE44096-05B4-4F14-84F0-3E831B8C328E}.Release|x86.Build.0 = Release|Win32
		{BBAFA62B-D8FD-4AEB-88B7-1DAE44050B70}.Debug|Any CPU.ActiveCfg = Debug|Win32
		{BBAFA62B-D8FD-4AEB-88B7-1DAE44050B70}.Debug|x64.ActiveCfg = Debug|x64
		{BBAFA62B-D8FD-4AEB-88B7-1DAE44050B70}.Debug|x64.Build.0 = Debug|x64
		{BBAFA62B-D8FD-4AEB-88B7-1DAE44050B70}.Debug|x86.ActiveCfg = Debug|Win32
		{BBAFA62B-D8FD-4AEB-88B7-1DAE44050B70}.Debug|x86.Build.0 = Debug|Win32
		{BBAFA62B-D8FD-4AEB-88B7-1DAE44050B70}.Release|Any CPU.ActiveCfg = Release|Win32
		{BBAFA62B-D8FD-4AEB-88B7-1DAE44050B70}.Release|x64.ActiveCfg = Release|x64
		{BBAFA62B-D8FD-4AEB-88B7-1DAE44050B70}.Release|x64.Build.0 = Release|x64
		{BBAFA62B-D8FD-4AEB-88B7-1DAE44050B70}.Release|x86.ActiveCfg = Release|Win32
		{BBAFA62B-D8FD-4AEB-88B7-1DAE44050B70}.Release|x86.Build.0 = Release|Win32
		{80D048B1-193D-4E0E-A1F9-28542C18D519}.Debug|Any CPU.ActiveCfg = Debug|Win32
		{80D048B1-193D-4E0E-A1F9-28542C18D519}.Debug|x64.ActiveCfg = Debug|x64
		{80D048B1-193D-4E0E-A1F9-28542C18D519}.Debug|x64.Build.0 = Debug|x64
		{80D048B1-193D-4E0E-A1F9-28542C18D519}.Debug|x86.ActiveCfg = Debug|Win32
		{80D048B1-193D-4E0E-A1F9-28542C18D519}.Debug|x86.Build.0 = Debug|Win32
		{80D048B1-193D-4E0E-A1F9-28542C18D519}.Release|Any CPU.ActiveCfg = Release|Win32
		{80D048B1-193D-4E0E-A1F9-28542C18D519}.Release|x64.ActiveCfg = Release|x64
		{80D048B1-193D-4E0E-A1F9-28542C18D519}.Release|x64.Build.0 = Release|x64
		{80D048B1-193D-4E0E-A1F9-28542C18D519}.Release|x86.ActiveCfg = Release|Win32
		{80D048B1-193D-4E0E-A1F9-28542C18D519}.Release|x86.Build.0 = Release|Win32
		{DB09D400-F348-4028-B141-A0AEA989A64C}.Debug|Any CPU.ActiveCfg = Debug|Win32
		{DB09D400-F348-4028-B141-A0AEA989A64C}.Debug|x64.ActiveCfg = Debug|x64
		{DB09D400-F348-4028-B141-A0AEA989A64C}.Debug|x64.Build.0 = Debug|x64
		{DB09D400-F348-4028-B141-A0AEA989A64C}.Debug|x86.ActiveCfg = Debug|Win32
		{DB09D400-F348-4028-B141-A0AEA989A64C}.Debug|x86.Build.0 = Debug|Win32
		{DB09D400-F348-4028-B141-A0AEA989A64C}.Release|Any CPU.ActiveCfg = Release|Win32
		{DB09D400-F348-4028-B141-A0AEA989A64C}.Release|x64.ActiveCfg = Release|x64
		{DB09D400-F348-4028-B141-A0AEA989A64C}.Release|x64.Build.0 = Release|x64
		{DB09D400-F348-4028-B141-A0AEA989A64C}.Release|x86.ActiveCfg = Release|Win32
		{DB09D400-F348-4028-B141-A0AEA989A64C}.Release|x86.Build.0 = Release|Win32
		{E29DED5C-1C43-46F5-8482-F1A5849D616E}.Debug|Any CPU.ActiveCfg = Debug|Win32
		{E29DED5C-1C43-46F5-8482-F1A5849D616E}.Debug|x64.ActiveCfg = Debug|x64
		{E29DED5C-1C43-46F5-8482-F1A5849D616E}.Debug|x64.Build.0 = Debug|x64
		{E29DED5C-1C43-46F5-8482-F1A5849D616E}.Debug|x86.ActiveCfg = Debug|Win32
		{E29DED5C-1C43-46F5-8482-F1A5849D616E}.Debug|x86.Build.0 = Debug|Win32
		{E29DED5C-1C43-46F5-8482-F1A5849D616E}.Release|Any CPU.ActiveCfg = Release|Win32
		{E29DED5C-1C43-46F5-8482-F1A5849D616E}.Release|x64.ActiveCfg = Release|x64
		{E29DED5C-1C43-46F5-8482-F1A5849D616E}.Release|x64.Build.0 = Release|x64
		{E29DED5C-1C43-46F5-8482-F1A5849D616E}.Release|x86.ActiveCfg = Release|Win32
		{E29DED5C-1C43-46F5-8482-F1A5849D616E}.Release|x86.Build.0 = Release|Win32
		{0BD56D69-4F2D-4FCB-9E47-2156ACCE52BC}.Debug|Any CPU.ActiveCfg = Debug|Win32
		{0BD56D69-4F2D-4FCB-9E47-2156ACCE52BC}.Debug|x64.ActiveCfg = Debug|x64
		{0BD56D69-4F2D-4FCB-9E47-2156ACCE52BC}.Debug|x64.Build.0 = Debug|x64
		{0BD56D69-4F2D-4FCB-9E47-2156ACCE52BC}.Debug|x86.ActiveCfg = Debug|Win32
		{0BD56D69-4F2D-4FCB-9E47-2156ACCE52BC}.Debug|x86.Build.0 = Debug|Win32
		{0BD56D69-4F2D-4FCB-9E47-2156ACCE52BC}.Release|Any CPU.ActiveCfg = Release|Win32
		{0BD56D69-4F2D-4FCB-9E47-2156ACCE52BC}.Release|x64.ActiveCfg = Release|x64
		{0BD56D69-4F2D-4FCB-9E47-2156ACCE52BC}.Release|x64.Build.0 = Release|x64
		{0BD56D69-4F2D-4FCB-9E47-2156ACCE52BC}.Release|x86.ActiveCfg = Release|Win32
		{0BD56D69-4F2D-4FCB-9E47-2156ACCE52BC}.Release|x86.Build.0 = Release|Win32
		{961EAEC6-C7E7-43B6-B57F-62FE83C64281}.Debug|Any CPU.ActiveCfg = Debug|Win32
		{961EAEC6-C7E7-43B6-B57F-62FE83C64281}.Debug|x64.ActiveCfg = Debug|x64
		{961EAEC6-C7E7-43B6-B57F-62FE83C64281}.Debug|x64.Build.0 = Debug|x64
		{961EAEC6-C7E7-43B6-B57F-62FE83C64281}.Debug|x86.ActiveCfg = Debug|Win32
		{961EAEC6-C7E7-43B6-B57F-62FE83C64281}.Debug|x86.Build.0 = Debug|Win32
		{961EAEC6-C7E7-43B6-B57F-62FE83C64281}.Release|Any CPU.ActiveCfg = Release|Win32
		{961EAEC6-C7E7-43B6-B57F-62FE83C64281}.Release|x64.ActiveCfg = Release|x64
		{961EAEC6-C7E7-43B6-B57F-62FE83C64281}.Release|x64.Build.0 = Release|x64
		{961EAEC6-C7E7-43B6-B57F-62FE83C64281}.Release|x86.ActiveCfg = Release|Win32
		{961EAEC6-C7E7-43B6-B57F-62FE83C64281}.Release|x86.Build.0 = Release|Win32
		{548D5610-5E00-41F6-82C8-C51E932DFBD6}.Debug|Any CPU.ActiveCfg = Debug|Win32
		{548D5610-5E00-41F6-82C8-C51E932DFBD6}.Debug|x64.ActiveCfg = Debug|x64
		{548D5610-5E00-41F6-82C8-C51E932DFBD6}.Debug|x64.Build.0 = Debug|x64
		{548D5610-5E00-41F6-82C8-C51E932DFBD6}.Debug|x86.ActiveCfg = Debug|Win32
		{548D5610-5E00-41F6-82C8-C51E932DFBD6}.Debug|x86.Build.0 = Debug|Win32
		{548D5610-5E00-41F6-82C8-C51E932DFBD6}.Release|Any CPU.ActiveCfg = Release|Win32
		{548D5610-5E00-41F6-82C8-C51E932DFBD6}.Release|x64.ActiveCfg = Release|x64
		{548D5610-5E00-41F6-82C8-C51E932DFBD6}.Release|x64.Build.0 = Release|x64
		{548D5610-5E00-41F6-82C8-C51E932DFBD6}.Release|x86.ActiveCfg = Release|Win32
		{548D5610-5E00-41F6-82C8-C51E932DFBD6}.Release|x86.Build.0 = Release|Win32
		{A7719235-7249-482D-9611-744BFD087FAB}.Debug|Any CPU.ActiveCfg = Debug|Win32
		{A7719235-7249-482D-9611-744BFD087FAB}.Debug|x64.ActiveCfg = Debug|x64
		{A7719235-7249-482D-9611-744BFD087FAB}.Debug|x64.Build.0 = Debug|x64
		{A7719235-7249-482D-9611-744BFD087FAB}.Debug|x86.ActiveCfg = Debug|Win32
		{A7719235-7249-482D-9611-744BFD087FAB}.Debug|x86.Build.0 = Debug|Win32
		{A7719235-7249-482D-9611-744BFD087FAB}.Release|Any CPU.ActiveCfg = Release|Win32
		{A7719235-7249-482D-9611-744BFD087FAB}.Release|x64.ActiveCfg = Release|x64
		{A7719235-7249-482D-9611-744BFD087FAB}.Release|x64.Build.0 = Release|x64
		{A7719235-7249-482D-9611-744BFD087FAB}.Release|x86.ActiveCfg = Release|Win32
		{A7719235-7249-482D-9611-744BFD087FAB}.Release|x86.Build.0 = Release|Win32
		{35A54E1F-6E46-44CB-B9C1-E9664B9B64D3}.Debug|Any CPU.ActiveCfg = Debug|Win32
		{35A54E1F-6E46-44CB-B9C1-E9664B9B64D3}.Debug|x64.ActiveCfg = Debug|x64
		{35A54E1F-6E46-44CB-B9C1-E9664B9B64D3}.Debug|x64.Build.0 = Debug|x64
		{35A54E1F-6E46-44CB-B9C1-E9664B9B64D3}.Debug|x86.ActiveCfg = Debug|Win32
		{35A54E1F-6E46-44CB-B9C1-E9664B9B64D3}.Debug|x86.Build.0 = Debug|Win32
		{35A54E1F-6E46-44CB-B9C1-E9664B9B64D3}.Release|Any CPU.ActiveCfg = Release|Win32
		{35A54E1F-6E46-44CB-B9C1-E9664B9B64D3}.Release|x64.ActiveCfg = Release|x64
		{35A54E1F-6E46-44CB-B9C1-E9664B9B64D3}.Release|x64.Build.0 = Release|x64
		{35A54E1F-6E46-44CB-B9C1-E9664B9B64D3}.Release|x86.ActiveCfg = Release|Win32
		{35A54E1F-6E46-44CB-B9C1-E9664B9B64D3}.Release|x86.Build.0 = Release|Win32
	EndGlobalSection
	GlobalSection(SolutionProperties) = preSolution
		HideSolutionNode = FALSE
	EndGlobalSection
	GlobalSection(ExtensibilityGlobals) = postSolution
		SolutionGuid = {45119D9E-3E90-44CA-9DF9-62EF73EE8C4B}
	EndGlobalSection
EndGlobal
