
Microsoft Visual Studio Solution File, Format Version 12.00
# Visual Studio 15
VisualStudioVersion = 15.0.28306.52
MinimumVisualStudioVersion = 10.0.40219.1
Project("{8BC9CEB8-8B4A-11D0-8D11-00A0C91BC942}") = "NumberToRMB", "NumberToRMB\NumberToRMB.vcxproj", "{A1B16880-B649-4677-A530-BD4A8242F860}"
EndProject
Project("{8BC9CEB8-8B4A-11D0-8D11-00A0C91BC942}") = "Test", "Test\Test.vcxproj", "{9B3F3194-A156-497C-821E-00D766303D37}"
EndProject
Project("{8BC9CEB8-8B4A-11D0-8D11-00A0C91BC942}") = "TestSizeof", "TestSizeof\TestSizeof.vcxproj", "{49E253A7-93D3-45E1-9482-A5A17A6BF4D6}"
EndProject
Project("{8BC9CEB8-8B4A-11D0-8D11-00A0C91BC942}") = "FactorialN", "FactorialN\FactorialN.vcxproj", "{4CF8D0AF-58C9-470F-BA2E-C0FED3A76ABB}"
EndProject
Project("{8BC9CEB8-8B4A-11D0-8D11-00A0C91BC942}") = "ReverseLinkList", "ReverseLinkList\ReverseLinkList.vcxproj", "{68CCF83D-A40F-4055-82E6-0ED691B83215}"
EndProject
Project("{8BC9CEB8-8B4A-11D0-8D11-00A0C91BC942}") = "Hanoi", "Hanoi\Hanoi.vcxproj", "{A803E541-C841-49D8-BB7E-28028ADA6C6C}"
EndProject
Project("{8BC9CEB8-8B4A-11D0-8D11-00A0C91BC942}") = "TestPtr", "TestPtr\TestPtr.vcxproj", "{8AC63FA7-BC53-4DAC-8514-9576968024F2}"
EndProject
Project("{8BC9CEB8-8B4A-11D0-8D11-00A0C91BC942}") = "mapDataZip", "mapDataZip\mapDataZip.vcxproj", "{062CF416-5593-4187-A4D2-56DFB4D2EC97}"
EndProject
Project("{8BC9CEB8-8B4A-11D0-8D11-00A0C91BC942}") = "MaxSum_NoBothParentAndChild", "MaxSum_NoBothParentAndChild\MaxSum_NoBothParentAndChild.vcxproj", "{226559BB-00FA-4DC3-BA66-370FE5131F24}"
EndProject
Project("{8BC9CEB8-8B4A-11D0-8D11-00A0C91BC942}") = "Test20190604", "Test20190604\Test20190604.vcxproj", "{550B3EEC-B06C-4DAE-B67A-9F29628C4322}"
EndProject
Project("{8BC9CEB8-8B4A-11D0-8D11-00A0C91BC942}") = "Test_for_each", "Test_for_each\Test_for_each.vcxproj", "{7B4F5004-4A7A-47C8-B5F7-821DEDF390E1}"
EndProject
Project("{8BC9CEB8-8B4A-11D0-8D11-00A0C91BC942}") = "Calc24", "Calc24\Calc24.vcxproj", "{DE9CCF59-D0E4-431E-BBF4-7335AD40912C}"
EndProject
Project("{8BC9CEB8-8B4A-11D0-8D11-00A0C91BC942}") = "testBook", "testBook\testBook.vcxproj", "{6AF5A296-1CDE-4EFD-B40D-EF9FACFE0D5B}"
EndProject
Project("{8BC9CEB8-8B4A-11D0-8D11-00A0C91BC942}") = "testvirtual", "testvirtual\testvirtual.vcxproj", "{01F23AD5-1CDC-4F03-9FE6-B94E882E095F}"
EndProject
Project("{8BC9CEB8-8B4A-11D0-8D11-00A0C91BC942}") = "ShoppingList", "ShoppingList\ShoppingList.vcxproj", "{2D761A43-6BB5-4CD4-BD00-48EE4C48938A}"
EndProject
Project("{8BC9CEB8-8B4A-11D0-8D11-00A0C91BC942}") = "EatPeach", "EatPeach\EatPeach.vcxproj", "{3A606D26-9F22-49E9-9B97-2F1172C9210A}"
EndProject
Project("{8BC9CEB8-8B4A-11D0-8D11-00A0C91BC942}") = "test_QueryPerformanceCounter", "test_QueryPerformanceCounter\test_QueryPerformanceCounter.vcxproj", "{2AE45557-C57A-49DA-A85A-8B92FD693ACC}"
EndProject
Project("{8BC9CEB8-8B4A-11D0-8D11-00A0C91BC942}") = "test_BigData_Insert_Sort", "test_BigData_Insert_Sort\test_BigData_Insert_Sort.vcxproj", "{EEE26FD4-CB7D-41EC-9F24-21AFCC6FDB26}"
EndProject
Global
	GlobalSection(SolutionConfigurationPlatforms) = preSolution
		Debug|Any CPU = Debug|Any CPU
		Debug|x64 = Debug|x64
		Debug|x86 = Debug|x86
		Release|Any CPU = Release|Any CPU
		Release|x64 = Release|x64
		Release|x86 = Release|x86
	EndGlobalSection
	GlobalSection(ProjectConfigurationPlatforms) = postSolution
		{A1B16880-B649-4677-A530-BD4A8242F860}.Debug|Any CPU.ActiveCfg = Debug|Win32
		{A1B16880-B649-4677-A530-BD4A8242F860}.Debug|x64.ActiveCfg = Debug|x64
		{A1B16880-B649-4677-A530-BD4A8242F860}.Debug|x64.Build.0 = Debug|x64
		{A1B16880-B649-4677-A530-BD4A8242F860}.Debug|x86.ActiveCfg = Debug|Win32
		{A1B16880-B649-4677-A530-BD4A8242F860}.Debug|x86.Build.0 = Debug|Win32
		{A1B16880-B649-4677-A530-BD4A8242F860}.Release|Any CPU.ActiveCfg = Release|Win32
		{A1B16880-B649-4677-A530-BD4A8242F860}.Release|x64.ActiveCfg = Release|x64
		{A1B16880-B649-4677-A530-BD4A8242F860}.Release|x64.Build.0 = Release|x64
		{A1B16880-B649-4677-A530-BD4A8242F860}.Release|x86.ActiveCfg = Release|Win32
		{A1B16880-B649-4677-A530-BD4A8242F860}.Release|x86.Build.0 = Release|Win32
		{9B3F3194-A156-497C-821E-00D766303D37}.Debug|Any CPU.ActiveCfg = Debug|Win32
		{9B3F3194-A156-497C-821E-00D766303D37}.Debug|x64.ActiveCfg = Debug|x64
		{9B3F3194-A156-497C-821E-00D766303D37}.Debug|x64.Build.0 = Debug|x64
		{9B3F3194-A156-497C-821E-00D766303D37}.Debug|x86.ActiveCfg = Debug|Win32
		{9B3F3194-A156-497C-821E-00D766303D37}.Debug|x86.Build.0 = Debug|Win32
		{9B3F3194-A156-497C-821E-00D766303D37}.Release|Any CPU.ActiveCfg = Release|Win32
		{9B3F3194-A156-497C-821E-00D766303D37}.Release|x64.ActiveCfg = Release|x64
		{9B3F3194-A156-497C-821E-00D766303D37}.Release|x64.Build.0 = Release|x64
		{9B3F3194-A156-497C-821E-00D766303D37}.Release|x86.ActiveCfg = Release|Win32
		{9B3F3194-A156-497C-821E-00D766303D37}.Release|x86.Build.0 = Release|Win32
		{49E253A7-93D3-45E1-9482-A5A17A6BF4D6}.Debug|Any CPU.ActiveCfg = Debug|Win32
		{49E253A7-93D3-45E1-9482-A5A17A6BF4D6}.Debug|x64.ActiveCfg = Debug|x64
		{49E253A7-93D3-45E1-9482-A5A17A6BF4D6}.Debug|x64.Build.0 = Debug|x64
		{49E253A7-93D3-45E1-9482-A5A17A6BF4D6}.Debug|x86.ActiveCfg = Debug|Win32
		{49E253A7-93D3-45E1-9482-A5A17A6BF4D6}.Debug|x86.Build.0 = Debug|Win32
		{49E253A7-93D3-45E1-9482-A5A17A6BF4D6}.Release|Any CPU.ActiveCfg = Release|Win32
		{49E253A7-93D3-45E1-9482-A5A17A6BF4D6}.Release|x64.ActiveCfg = Release|x64
		{49E253A7-93D3-45E1-9482-A5A17A6BF4D6}.Release|x64.Build.0 = Release|x64
		{49E253A7-93D3-45E1-9482-A5A17A6BF4D6}.Release|x86.ActiveCfg = Release|Win32
		{49E253A7-93D3-45E1-9482-A5A17A6BF4D6}.Release|x86.Build.0 = Release|Win32
		{4CF8D0AF-58C9-470F-BA2E-C0FED3A76ABB}.Debug|Any CPU.ActiveCfg = Debug|Win32
		{4CF8D0AF-58C9-470F-BA2E-C0FED3A76ABB}.Debug|x64.ActiveCfg = Debug|x64
		{4CF8D0AF-58C9-470F-BA2E-C0FED3A76ABB}.Debug|x64.Build.0 = Debug|x64
		{4CF8D0AF-58C9-470F-BA2E-C0FED3A76ABB}.Debug|x86.ActiveCfg = Debug|Win32
		{4CF8D0AF-58C9-470F-BA2E-C0FED3A76ABB}.Debug|x86.Build.0 = Debug|Win32
		{4CF8D0AF-58C9-470F-BA2E-C0FED3A76ABB}.Release|Any CPU.ActiveCfg = Release|Win32
		{4CF8D0AF-58C9-470F-BA2E-C0FED3A76ABB}.Release|x64.ActiveCfg = Release|x64
		{4CF8D0AF-58C9-470F-BA2E-C0FED3A76ABB}.Release|x64.Build.0 = Release|x64
		{4CF8D0AF-58C9-470F-BA2E-C0FED3A76ABB}.Release|x86.ActiveCfg = Release|Win32
		{4CF8D0AF-58C9-470F-BA2E-C0FED3A76ABB}.Release|x86.Build.0 = Release|Win32
		{68CCF83D-A40F-4055-82E6-0ED691B83215}.Debug|Any CPU.ActiveCfg = Debug|Win32
		{68CCF83D-A40F-4055-82E6-0ED691B83215}.Debug|x64.ActiveCfg = Debug|x64
		{68CCF83D-A40F-4055-82E6-0ED691B83215}.Debug|x64.Build.0 = Debug|x64
		{68CCF83D-A40F-4055-82E6-0ED691B83215}.Debug|x86.ActiveCfg = Debug|Win32
		{68CCF83D-A40F-4055-82E6-0ED691B83215}.Debug|x86.Build.0 = Debug|Win32
		{68CCF83D-A40F-4055-82E6-0ED691B83215}.Release|Any CPU.ActiveCfg = Release|Win32
		{68CCF83D-A40F-4055-82E6-0ED691B83215}.Release|x64.ActiveCfg = Release|x64
		{68CCF83D-A40F-4055-82E6-0ED691B83215}.Release|x64.Build.0 = Release|x64
		{68CCF83D-A40F-4055-82E6-0ED691B83215}.Release|x86.ActiveCfg = Release|Win32
		{68CCF83D-A40F-4055-82E6-0ED691B83215}.Release|x86.Build.0 = Release|Win32
		{A803E541-C841-49D8-BB7E-28028ADA6C6C}.Debug|Any CPU.ActiveCfg = Debug|Win32
		{A803E541-C841-49D8-BB7E-28028ADA6C6C}.Debug|x64.ActiveCfg = Debug|x64
		{A803E541-C841-49D8-BB7E-28028ADA6C6C}.Debug|x64.Build.0 = Debug|x64
		{A803E541-C841-49D8-BB7E-28028ADA6C6C}.Debug|x86.ActiveCfg = Debug|Win32
		{A803E541-C841-49D8-BB7E-28028ADA6C6C}.Debug|x86.Build.0 = Debug|Win32
		{A803E541-C841-49D8-BB7E-28028ADA6C6C}.Release|Any CPU.ActiveCfg = Release|Win32
		{A803E541-C841-49D8-BB7E-28028ADA6C6C}.Release|x64.ActiveCfg = Release|x64
		{A803E541-C841-49D8-BB7E-28028ADA6C6C}.Release|x64.Build.0 = Release|x64
		{A803E541-C841-49D8-BB7E-28028ADA6C6C}.Release|x86.ActiveCfg = Release|Win32
		{A803E541-C841-49D8-BB7E-28028ADA6C6C}.Release|x86.Build.0 = Release|Win32
		{8AC63FA7-BC53-4DAC-8514-9576968024F2}.Debug|Any CPU.ActiveCfg = Debug|Win32
		{8AC63FA7-BC53-4DAC-8514-9576968024F2}.Debug|x64.ActiveCfg = Debug|x64
		{8AC63FA7-BC53-4DAC-8514-9576968024F2}.Debug|x64.Build.0 = Debug|x64
		{8AC63FA7-BC53-4DAC-8514-9576968024F2}.Debug|x86.ActiveCfg = Debug|Win32
		{8AC63FA7-BC53-4DAC-8514-9576968024F2}.Debug|x86.Build.0 = Debug|Win32
		{8AC63FA7-BC53-4DAC-8514-9576968024F2}.Release|Any CPU.ActiveCfg = Release|Win32
		{8AC63FA7-BC53-4DAC-8514-9576968024F2}.Release|x64.ActiveCfg = Release|x64
		{8AC63FA7-BC53-4DAC-8514-9576968024F2}.Release|x64.Build.0 = Release|x64
		{8AC63FA7-BC53-4DAC-8514-9576968024F2}.Release|x86.ActiveCfg = Release|Win32
		{8AC63FA7-BC53-4DAC-8514-9576968024F2}.Release|x86.Build.0 = Release|Win32
		{062CF416-5593-4187-A4D2-56DFB4D2EC97}.Debug|Any CPU.ActiveCfg = Debug|Win32
		{062CF416-5593-4187-A4D2-56DFB4D2EC97}.Debug|x64.ActiveCfg = Debug|x64
		{062CF416-5593-4187-A4D2-56DFB4D2EC97}.Debug|x64.Build.0 = Debug|x64
		{062CF416-5593-4187-A4D2-56DFB4D2EC97}.Debug|x86.ActiveCfg = Debug|Win32
		{062CF416-5593-4187-A4D2-56DFB4D2EC97}.Debug|x86.Build.0 = Debug|Win32
		{062CF416-5593-4187-A4D2-56DFB4D2EC97}.Release|Any CPU.ActiveCfg = Release|Win32
		{062CF416-5593-4187-A4D2-56DFB4D2EC97}.Release|x64.ActiveCfg = Release|x64
		{062CF416-5593-4187-A4D2-56DFB4D2EC97}.Release|x64.Build.0 = Release|x64
		{062CF416-5593-4187-A4D2-56DFB4D2EC97}.Release|x86.ActiveCfg = Release|Win32
		{062CF416-5593-4187-A4D2-56DFB4D2EC97}.Release|x86.Build.0 = Release|Win32
		{226559BB-00FA-4DC3-BA66-370FE5131F24}.Debug|Any CPU.ActiveCfg = Debug|Win32
		{226559BB-00FA-4DC3-BA66-370FE5131F24}.Debug|x64.ActiveCfg = Debug|x64
		{226559BB-00FA-4DC3-BA66-370FE5131F24}.Debug|x64.Build.0 = Debug|x64
		{226559BB-00FA-4DC3-BA66-370FE5131F24}.Debug|x86.ActiveCfg = Debug|Win32
		{226559BB-00FA-4DC3-BA66-370FE5131F24}.Debug|x86.Build.0 = Debug|Win32
		{226559BB-00FA-4DC3-BA66-370FE5131F24}.Release|Any CPU.ActiveCfg = Release|Win32
		{226559BB-00FA-4DC3-BA66-370FE5131F24}.Release|x64.ActiveCfg = Release|x64
		{226559BB-00FA-4DC3-BA66-370FE5131F24}.Release|x64.Build.0 = Release|x64
		{226559BB-00FA-4DC3-BA66-370FE5131F24}.Release|x86.ActiveCfg = Release|Win32
		{226559BB-00FA-4DC3-BA66-370FE5131F24}.Release|x86.Build.0 = Release|Win32
		{550B3EEC-B06C-4DAE-B67A-9F29628C4322}.Debug|Any CPU.ActiveCfg = Debug|Win32
		{550B3EEC-B06C-4DAE-B67A-9F29628C4322}.Debug|x64.ActiveCfg = Debug|x64
		{550B3EEC-B06C-4DAE-B67A-9F29628C4322}.Debug|x64.Build.0 = Debug|x64
		{550B3EEC-B06C-4DAE-B67A-9F29628C4322}.Debug|x86.ActiveCfg = Debug|Win32
		{550B3EEC-B06C-4DAE-B67A-9F29628C4322}.Debug|x86.Build.0 = Debug|Win32
		{550B3EEC-B06C-4DAE-B67A-9F29628C4322}.Release|Any CPU.ActiveCfg = Release|Win32
		{550B3EEC-B06C-4DAE-B67A-9F29628C4322}.Release|x64.ActiveCfg = Release|x64
		{550B3EEC-B06C-4DAE-B67A-9F29628C4322}.Release|x64.Build.0 = Release|x64
		{550B3EEC-B06C-4DAE-B67A-9F29628C4322}.Release|x86.ActiveCfg = Release|Win32
		{550B3EEC-B06C-4DAE-B67A-9F29628C4322}.Release|x86.Build.0 = Release|Win32
		{7B4F5004-4A7A-47C8-B5F7-821DEDF390E1}.Debug|Any CPU.ActiveCfg = Debug|Win32
		{7B4F5004-4A7A-47C8-B5F7-821DEDF390E1}.Debug|x64.ActiveCfg = Debug|x64
		{7B4F5004-4A7A-47C8-B5F7-821DEDF390E1}.Debug|x64.Build.0 = Debug|x64
		{7B4F5004-4A7A-47C8-B5F7-821DEDF390E1}.Debug|x86.ActiveCfg = Debug|Win32
		{7B4F5004-4A7A-47C8-B5F7-821DEDF390E1}.Debug|x86.Build.0 = Debug|Win32
		{7B4F5004-4A7A-47C8-B5F7-821DEDF390E1}.Release|Any CPU.ActiveCfg = Release|Win32
		{7B4F5004-4A7A-47C8-B5F7-821DEDF390E1}.Release|x64.ActiveCfg = Release|x64
		{7B4F5004-4A7A-47C8-B5F7-821DEDF390E1}.Release|x64.Build.0 = Release|x64
		{7B4F5004-4A7A-47C8-B5F7-821DEDF390E1}.Release|x86.ActiveCfg = Release|Win32
		{7B4F5004-4A7A-47C8-B5F7-821DEDF390E1}.Release|x86.Build.0 = Release|Win32
		{DE9CCF59-D0E4-431E-BBF4-7335AD40912C}.Debug|Any CPU.ActiveCfg = Debug|Win32
		{DE9CCF59-D0E4-431E-BBF4-7335AD40912C}.Debug|x64.ActiveCfg = Debug|x64
		{DE9CCF59-D0E4-431E-BBF4-7335AD40912C}.Debug|x64.Build.0 = Debug|x64
		{DE9CCF59-D0E4-431E-BBF4-7335AD40912C}.Debug|x86.ActiveCfg = Debug|Win32
		{DE9CCF59-D0E4-431E-BBF4-7335AD40912C}.Debug|x86.Build.0 = Debug|Win32
		{DE9CCF59-D0E4-431E-BBF4-7335AD40912C}.Release|Any CPU.ActiveCfg = Release|Win32
		{DE9CCF59-D0E4-431E-BBF4-7335AD40912C}.Release|x64.ActiveCfg = Release|x64
		{DE9CCF59-D0E4-431E-BBF4-7335AD40912C}.Release|x64.Build.0 = Release|x64
		{DE9CCF59-D0E4-431E-BBF4-7335AD40912C}.Release|x86.ActiveCfg = Release|Win32
		{DE9CCF59-D0E4-431E-BBF4-7335AD40912C}.Release|x86.Build.0 = Release|Win32
		{6AF5A296-1CDE-4EFD-B40D-EF9FACFE0D5B}.Debug|Any CPU.ActiveCfg = Debug|Win32
		{6AF5A296-1CDE-4EFD-B40D-EF9FACFE0D5B}.Debug|x64.ActiveCfg = Debug|x64
		{6AF5A296-1CDE-4EFD-B40D-EF9FACFE0D5B}.Debug|x64.Build.0 = Debug|x64
		{6AF5A296-1CDE-4EFD-B40D-EF9FACFE0D5B}.Debug|x86.ActiveCfg = Debug|Win32
		{6AF5A296-1CDE-4EFD-B40D-EF9FACFE0D5B}.Debug|x86.Build.0 = Debug|Win32
		{6AF5A296-1CDE-4EFD-B40D-EF9FACFE0D5B}.Release|Any CPU.ActiveCfg = Release|Win32
		{6AF5A296-1CDE-4EFD-B40D-EF9FACFE0D5B}.Release|x64.ActiveCfg = Release|x64
		{6AF5A296-1CDE-4EFD-B40D-EF9FACFE0D5B}.Release|x64.Build.0 = Release|x64
		{6AF5A296-1CDE-4EFD-B40D-EF9FACFE0D5B}.Release|x86.ActiveCfg = Release|Win32
		{6AF5A296-1CDE-4EFD-B40D-EF9FACFE0D5B}.Release|x86.Build.0 = Release|Win32
		{01F23AD5-1CDC-4F03-9FE6-B94E882E095F}.Debug|Any CPU.ActiveCfg = Debug|Win32
		{01F23AD5-1CDC-4F03-9FE6-B94E882E095F}.Debug|x64.ActiveCfg = Debug|x64
		{01F23AD5-1CDC-4F03-9FE6-B94E882E095F}.Debug|x64.Build.0 = Debug|x64
		{01F23AD5-1CDC-4F03-9FE6-B94E882E095F}.Debug|x86.ActiveCfg = Debug|Win32
		{01F23AD5-1CDC-4F03-9FE6-B94E882E095F}.Debug|x86.Build.0 = Debug|Win32
		{01F23AD5-1CDC-4F03-9FE6-B94E882E095F}.Release|Any CPU.ActiveCfg = Release|Win32
		{01F23AD5-1CDC-4F03-9FE6-B94E882E095F}.Release|x64.ActiveCfg = Release|x64
		{01F23AD5-1CDC-4F03-9FE6-B94E882E095F}.Release|x64.Build.0 = Release|x64
		{01F23AD5-1CDC-4F03-9FE6-B94E882E095F}.Release|x86.ActiveCfg = Release|Win32
		{01F23AD5-1CDC-4F03-9FE6-B94E882E095F}.Release|x86.Build.0 = Release|Win32
		{2D761A43-6BB5-4CD4-BD00-48EE4C48938A}.Debug|Any CPU.ActiveCfg = Debug|Win32
		{2D761A43-6BB5-4CD4-BD00-48EE4C48938A}.Debug|x64.ActiveCfg = Debug|x64
		{2D761A43-6BB5-4CD4-BD00-48EE4C48938A}.Debug|x64.Build.0 = Debug|x64
		{2D761A43-6BB5-4CD4-BD00-48EE4C48938A}.Debug|x86.ActiveCfg = Debug|Win32
		{2D761A43-6BB5-4CD4-BD00-48EE4C48938A}.Debug|x86.Build.0 = Debug|Win32
		{2D761A43-6BB5-4CD4-BD00-48EE4C48938A}.Release|Any CPU.ActiveCfg = Release|Win32
		{2D761A43-6BB5-4CD4-BD00-48EE4C48938A}.Release|x64.ActiveCfg = Release|x64
		{2D761A43-6BB5-4CD4-BD00-48EE4C48938A}.Release|x64.Build.0 = Release|x64
		{2D761A43-6BB5-4CD4-BD00-48EE4C48938A}.Release|x86.ActiveCfg = Release|Win32
		{2D761A43-6BB5-4CD4-BD00-48EE4C48938A}.Release|x86.Build.0 = Release|Win32
		{3A606D26-9F22-49E9-9B97-2F1172C9210A}.Debug|Any CPU.ActiveCfg = Debug|Win32
		{3A606D26-9F22-49E9-9B97-2F1172C9210A}.Debug|x64.ActiveCfg = Debug|x64
		{3A606D26-9F22-49E9-9B97-2F1172C9210A}.Debug|x64.Build.0 = Debug|x64
		{3A606D26-9F22-49E9-9B97-2F1172C9210A}.Debug|x86.ActiveCfg = Debug|Win32
		{3A606D26-9F22-49E9-9B97-2F1172C9210A}.Debug|x86.Build.0 = Debug|Win32
		{3A606D26-9F22-49E9-9B97-2F1172C9210A}.Release|Any CPU.ActiveCfg = Release|Win32
		{3A606D26-9F22-49E9-9B97-2F1172C9210A}.Release|x64.ActiveCfg = Release|x64
		{3A606D26-9F22-49E9-9B97-2F1172C9210A}.Release|x64.Build.0 = Release|x64
		{3A606D26-9F22-49E9-9B97-2F1172C9210A}.Release|x86.ActiveCfg = Release|Win32
		{3A606D26-9F22-49E9-9B97-2F1172C9210A}.Release|x86.Build.0 = Release|Win32
		{2AE45557-C57A-49DA-A85A-8B92FD693ACC}.Debug|Any CPU.ActiveCfg = Debug|Win32
		{2AE45557-C57A-49DA-A85A-8B92FD693ACC}.Debug|x64.ActiveCfg = Debug|x64
		{2AE45557-C57A-49DA-A85A-8B92FD693ACC}.Debug|x64.Build.0 = Debug|x64
		{2AE45557-C57A-49DA-A85A-8B92FD693ACC}.Debug|x86.ActiveCfg = Debug|Win32
		{2AE45557-C57A-49DA-A85A-8B92FD693ACC}.Debug|x86.Build.0 = Debug|Win32
		{2AE45557-C57A-49DA-A85A-8B92FD693ACC}.Release|Any CPU.ActiveCfg = Release|Win32
		{2AE45557-C57A-49DA-A85A-8B92FD693ACC}.Release|x64.ActiveCfg = Release|x64
		{2AE45557-C57A-49DA-A85A-8B92FD693ACC}.Release|x64.Build.0 = Release|x64
		{2AE45557-C57A-49DA-A85A-8B92FD693ACC}.Release|x86.ActiveCfg = Release|Win32
		{2AE45557-C57A-49DA-A85A-8B92FD693ACC}.Release|x86.Build.0 = Release|Win32
		{EEE26FD4-CB7D-41EC-9F24-21AFCC6FDB26}.Debug|Any CPU.ActiveCfg = Debug|Win32
		{EEE26FD4-CB7D-41EC-9F24-21AFCC6FDB26}.Debug|x64.ActiveCfg = Debug|x64
		{EEE26FD4-CB7D-41EC-9F24-21AFCC6FDB26}.Debug|x64.Build.0 = Debug|x64
		{EEE26FD4-CB7D-41EC-9F24-21AFCC6FDB26}.Debug|x86.ActiveCfg = Debug|Win32
		{EEE26FD4-CB7D-41EC-9F24-21AFCC6FDB26}.Debug|x86.Build.0 = Debug|Win32
		{EEE26FD4-CB7D-41EC-9F24-21AFCC6FDB26}.Release|Any CPU.ActiveCfg = Release|Win32
		{EEE26FD4-CB7D-41EC-9F24-21AFCC6FDB26}.Release|x64.ActiveCfg = Release|x64
		{EEE26FD4-CB7D-41EC-9F24-21AFCC6FDB26}.Release|x64.Build.0 = Release|x64
		{EEE26FD4-CB7D-41EC-9F24-21AFCC6FDB26}.Release|x86.ActiveCfg = Release|Win32
		{EEE26FD4-CB7D-41EC-9F24-21AFCC6FDB26}.Release|x86.Build.0 = Release|Win32
	EndGlobalSection
	GlobalSection(SolutionProperties) = preSolution
		HideSolutionNode = FALSE
	EndGlobalSection
	GlobalSection(ExtensibilityGlobals) = postSolution
		SolutionGuid = {45119D9E-3E90-44CA-9DF9-62EF73EE8C4B}
	EndGlobalSection
EndGlobal
